<?xml version="1.0" encoding="utf-8"?>
<Project ToolsVersion="4.0" xmlns="http://schemas.microsoft.com/developer/msbuild/2003">
  <ItemGroup>
    <Filter Include="Source Files">
      <UniqueIdentifier>{4FC737F1-C7A5-4376-A066-2A32D752A2FF}</UniqueIdentifier>
      <Extensions>cpp;c;cc;cxx;def;odl;idl;hpj;bat;asm;asmx</Extensions>
    </Filter>
    <Filter Include="Header Files">
      <UniqueIdentifier>{93995380-89BD-4b04-88EB-625FBE52EBFB}</UniqueIdentifier>
      <Extensions>h;hpp;hxx;hm;inl;inc;xsd</Extensions>
    </Filter>
    <Filter Include="Resource Files">
      <UniqueIdentifier>{67DA6AB6-F800-4c08-8B7A-83BB121AAD01}</UniqueIdentifier>
      <Extensions>rc;ico;cur;bmp;dlg;rc2;rct;bin;rgs;gif;jpg;jpeg;jpe;resx;tiff;tif;png;wav;mfcribbon-ms</Extensions>
    </Filter>
    <Filter Include="Source Files\InputHandler">
      <UniqueIdentifier>{32b7c9e8-fc94-49f4-ad5c-7366433baf31}</UniqueIdentifier>
    </Filter>
    <Filter Include="Source Files\ScreenManager">
      <UniqueIdentifier>{9efe1791-c35f-4485-bfcd-c4885db42bf3}</UniqueIdentifier>
    </Filter>
    <Filter Include="Source Files\GameEngine">
      <UniqueIdentifier>{68713631-5a25-4130-bfca-429ef1c8d810}</UniqueIdentifier>
    </Filter>
    <Filter Include="Source Files\GuiManager">
      <UniqueIdentifier>{25037c35-380b-4d90-834e-3678cf849f0a}</UniqueIdentifier>
    </Filter>
    <Filter Include="Source Files\GameData">
      <UniqueIdentifier>{451ddf36-fe0c-4d5c-b2fc-56c9fed2b51b}</UniqueIdentifier>
    </Filter>
    <Filter Include="Source Files\GameEngine\Components">
      <UniqueIdentifier>{c402d9ef-e7cf-449c-b500-a544a4990f9f}</UniqueIdentifier>
    </Filter>
    <Filter Include="Source Files\GameEngine\Components\GameComponent">
      <UniqueIdentifier>{b1574945-0c3f-47b9-ae10-8a7097a8315d}</UniqueIdentifier>
    </Filter>
    <Filter Include="Source Files\GameEngine\Components\DrawableGameEngineComponent">
      <UniqueIdentifier>{d3e1c594-18cb-4ef8-b0c3-33e7bcd455a7}</UniqueIdentifier>
    </Filter>
  </ItemGroup>
  <ItemGroup>
    <ClCompile Include="main.cpp">
      <Filter>Source Files</Filter>
    </ClCompile>
    <ClCompile Include="InputHandler.cpp">
      <Filter>Source Files\InputHandler</Filter>
    </ClCompile>
    <ClCompile Include="GameEngine.cpp">
      <Filter>Source Files\GameEngine</Filter>
    </ClCompile>
    <ClCompile Include="GameData.cpp">
      <Filter>Source Files\GameData</Filter>
    </ClCompile>
    <ClCompile Include="GameEngineComponent.cpp">
      <Filter>Source Files\GameEngine\Components\GameComponent</Filter>
    </ClCompile>
    <ClCompile Include="DrawableGameEngineComponent.cpp">
      <Filter>Source Files\GameEngine\Components\DrawableGameEngineComponent</Filter>
    </ClCompile>
    <ClCompile Include="GameScreen.cpp">
      <Filter>Source Files\ScreenManager</Filter>
    </ClCompile>
  </ItemGroup>
  <ItemGroup>
    <ClInclude Include="InputHandler.h">
      <Filter>Header Files</Filter>
    </ClInclude>
    <ClInclude Include="GameEngine.h">
      <Filter>Header Files</Filter>
    </ClInclude>
    <ClInclude Include="MenuScreen.h">
      <Filter>Header Files</Filter>
    </ClInclude>
    <ClInclude Include="GameData.h">
      <Filter>Header Files</Filter>
    </ClInclude>
    <ClInclude Include="GameEngineComponent.h">
      <Filter>Header Files</Filter>
    </ClInclude>
    <ClInclude Include="DrawableGameEngineComponent.h">
      <Filter>Header Files</Filter>
    </ClInclude>
    <ClInclude Include="GameScreen.h">
      <Filter>Header Files</Filter>
    </ClInclude>
  </ItemGroup>
</Project>